
Microsoft Visual Studio Solution File, Format Version 12.00
# Visual Studio 15
VisualStudioVersion = 15.0.27703.2035
MinimumVisualStudioVersion = 10.0.40219.1
Project("{FAE04EC0-301F-11D3-BF4B-00C04F79EFBC}") = "CoursemoApp", "CoursemoApp\CoursemoApp.csproj", "{6E4F169C-BA5C-4337-9BE6-50CA0FFB7CA6}"
EndProject
Global
	GlobalSection(SolutionConfigurationPlatforms) = preSolution
		Debug|Any CPU = Debug|Any CPU
		Release|Any CPU = Release|Any CPU
	EndGlobalSection
	GlobalSection(ProjectConfigurationPlatforms) = postSolution
		{6E4F169C-BA5C-4337-9BE6-50CA0FFB7CA6}.Debug|Any CPU.ActiveCfg = Debug|Any CPU
		{6E4F169C-BA5C-4337-9BE6-50CA0FFB7CA6}.Debug|Any CPU.Build.0 = Debug|Any CPU
		{6E4F169C-BA5C-4337-9BE6-50CA0FFB7CA6}.Release|Any CPU.ActiveCfg = Release|Any CPU
		{6E4F169C-BA5C-4337-9BE6-50CA0FFB7CA6}.Release|Any CPU.Build.0 = Release|Any CPU
	EndGlobalSection
	GlobalSection(SolutionProperties) = preSolution
		HideSolutionNode = FALSE
	EndGlobalSection
	GlobalSection(ExtensibilityGlobals) = postSolution
		SolutionGuid = {F0608B13-CA2C-407C-8F66-5B2BE92E91F9}
	EndGlobalSection
EndGlobal
